
Microsoft Visual Studio Solution File, Format Version 12.00
# Visual Studio Version 17
VisualStudioVersion = 17.5.002.0
MinimumVisualStudioVersion = 10.0.40219.1
Project("{9A19103F-16F7-4668-BE54-9A1E7A4F7556}") = "TimezoneConversionAPI", "TimezoneConversionAPI.csproj", "{D2AACE72-4324-4F6B-A0DF-FB1E5AB2A82E}"
EndProject
Project("{FAE04EC0-301F-11D3-BF4B-00C04F79EFBC}") = "TimezoneConversionAPI.Tests", "..\TimezoneConversionAPI.Tests\TimezoneConversionAPI.Tests.csproj", "{07B787CC-AC03-400C-8B3B-7B8458631227}"
EndProject
Global
	GlobalSection(SolutionConfigurationPlatforms) = preSolution
		Debug|Any CPU = Debug|Any CPU
		Release|Any CPU = Release|Any CPU
	EndGlobalSection
	GlobalSection(ProjectConfigurationPlatforms) = postSolution
		{D2AACE72-4324-4F6B-A0DF-FB1E5AB2A82E}.Debug|Any CPU.ActiveCfg = Debug|Any CPU
		{D2AACE72-4324-4F6B-A0DF-FB1E5AB2A82E}.Debug|Any CPU.Build.0 = Debug|Any CPU
		{D2AACE72-4324-4F6B-A0DF-FB1E5AB2A82E}.Release|Any CPU.ActiveCfg = Release|Any CPU
		{D2AACE72-4324-4F6B-A0DF-FB1E5AB2A82E}.Release|Any CPU.Build.0 = Release|Any CPU
		{07B787CC-AC03-400C-8B3B-7B8458631227}.Debug|Any CPU.ActiveCfg = Debug|Any CPU
		{07B787CC-AC03-400C-8B3B-7B8458631227}.Debug|Any CPU.Build.0 = Debug|Any CPU
		{07B787CC-AC03-400C-8B3B-7B8458631227}.Release|Any CPU.ActiveCfg = Release|Any CPU
		{07B787CC-AC03-400C-8B3B-7B8458631227}.Release|Any CPU.Build.0 = Release|Any CPU
	EndGlobalSection
	GlobalSection(SolutionProperties) = preSolution
		HideSolutionNode = FALSE
	EndGlobalSection
	GlobalSection(ExtensibilityGlobals) = postSolution
		SolutionGuid = {179DDEF7-F7D3-44FD-A682-1E06AFB8CDCB}
	EndGlobalSection
EndGlobal
